
Microsoft Visual Studio Solution File, Format Version 12.00
# Visual Studio Version 16
VisualStudioVersion = 16.0.28922.388
MinimumVisualStudioVersion = 10.0.40219.1
Project("{FAE04EC0-301F-11D3-BF4B-00C04F79EFBC}") = "SokobanGame", "SokobanGame\SokobanGame.csproj", "{AB3FFB7F-19AD-48E3-B7DE-61A5F47247BA}"
EndProject
Global
	GlobalSection(SolutionConfigurationPlatforms) = preSolution
		Debug|Any CPU = Debug|Any CPU
		Debug|x86 = Debug|x86
		Release|Any CPU = Release|Any CPU
		Release|x86 = Release|x86
	EndGlobalSection
	GlobalSection(ProjectConfigurationPlatforms) = postSolution
		{AB3FFB7F-19AD-48E3-B7DE-61A5F47247BA}.Debug|Any CPU.ActiveCfg = Debug|Any CPU
		{AB3FFB7F-19AD-48E3-B7DE-61A5F47247BA}.Debug|Any CPU.Build.0 = Debug|Any CPU
		{AB3FFB7F-19AD-48E3-B7DE-61A5F47247BA}.Debug|x86.ActiveCfg = Debug|x86
		{AB3FFB7F-19AD-48E3-B7DE-61A5F47247BA}.Debug|x86.Build.0 = Debug|x86
		{AB3FFB7F-19AD-48E3-B7DE-61A5F47247BA}.Release|Any CPU.ActiveCfg = Release|Any CPU
		{AB3FFB7F-19AD-48E3-B7DE-61A5F47247BA}.Release|Any CPU.Build.0 = Release|Any CPU
		{AB3FFB7F-19AD-48E3-B7DE-61A5F47247BA}.Release|x86.ActiveCfg = Release|x86
		{AB3FFB7F-19AD-48E3-B7DE-61A5F47247BA}.Release|x86.Build.0 = Release|x86
	EndGlobalSection
	GlobalSection(SolutionProperties) = preSolution
		HideSolutionNode = FALSE
	EndGlobalSection
	GlobalSection(ExtensibilityGlobals) = postSolution
		SolutionGuid = {9757FBBE-4E6E-4DFF-9355-BE9F0639D8AA}
	EndGlobalSection
EndGlobal
